
Microsoft Visual Studio Solution File, Format Version 12.00
# Visual Studio Version 16
VisualStudioVersion = 16.0.30804.86
MinimumVisualStudioVersion = 10.0.40219.1
Project("{FAE04EC0-301F-11D3-BF4B-00C04F79EFBC}") = "CodeSnipet1", "CodeSnipet1\CodeSnipet1.csproj", "{8F6BA391-7B68-4299-AE19-26A5606706E1}"
EndProject
Project("{FAE04EC0-301F-11D3-BF4B-00C04F79EFBC}") = "CodeSnipet2", "CodeSnipet2\CodeSnipet2.csproj", "{950A2FCA-DAF9-4873-A606-0BDF4FC9A89E}"
EndProject
Project("{FAE04EC0-301F-11D3-BF4B-00C04F79EFBC}") = "CodeSnipet3", "CodeSnipet3\CodeSnipet3.csproj", "{1882F425-0D54-498A-8CA4-E2E7E4AD2738}"
EndProject
Project("{FAE04EC0-301F-11D3-BF4B-00C04F79EFBC}") = "CodeSnipet5", "CodeSnipet5\CodeSnipet5.csproj", "{0420BF1D-3999-4BDD-BAAD-48F31EA1D8AD}"
EndProject
Project("{FAE04EC0-301F-11D3-BF4B-00C04F79EFBC}") = "CodeSnipet6", "CodeSnipet6\CodeSnipet6.csproj", "{C5D53D96-ADFD-45EE-AE47-05C4DB9BC845}"
EndProject
Project("{FAE04EC0-301F-11D3-BF4B-00C04F79EFBC}") = "CodeSnipet7", "CodeSnipet7\CodeSnipet7.csproj", "{402D5E86-B0E3-46E3-A462-CB3BD5CAC4FD}"
EndProject
Project("{FAE04EC0-301F-11D3-BF4B-00C04F79EFBC}") = "CodeSnipet8", "CodeSnipet8\CodeSnipet8.csproj", "{E5EF2E73-0ACD-4395-8773-343330090C07}"
EndProject
Project("{FAE04EC0-301F-11D3-BF4B-00C04F79EFBC}") = "CodeSnipet9", "CodeSnipet9\CodeSnipet9.csproj", "{EEEFC26B-DF71-47C7-969F-1C19A27408F8}"
EndProject
Project("{FAE04EC0-301F-11D3-BF4B-00C04F79EFBC}") = "CodeSnipet10", "CodeSnipet10\CodeSnipet10.csproj", "{40C06FB4-207D-4AA0-9B39-5C4FF570A3A8}"
EndProject
Project("{FAE04EC0-301F-11D3-BF4B-00C04F79EFBC}") = "CodeSnipet11", "CodeSnipet11\CodeSnipet11.csproj", "{5D7B9A13-79AC-46C7-AC04-D8A6541B255E}"
EndProject
Project("{FAE04EC0-301F-11D3-BF4B-00C04F79EFBC}") = "CodeSnipet12", "CodeSnipet12\CodeSnipet12.csproj", "{794D26AF-C585-46DA-9968-372FB8681873}"
EndProject
Project("{FAE04EC0-301F-11D3-BF4B-00C04F79EFBC}") = "CodeSnipet13", "CodeSnipet13\CodeSnipet13.csproj", "{719955B6-317C-4A0F-9FB7-5D87D2CFB4F2}"
EndProject
Global
	GlobalSection(SolutionConfigurationPlatforms) = preSolution
		Debug|Any CPU = Debug|Any CPU
		Release|Any CPU = Release|Any CPU
	EndGlobalSection
	GlobalSection(ProjectConfigurationPlatforms) = postSolution
		{8F6BA391-7B68-4299-AE19-26A5606706E1}.Debug|Any CPU.ActiveCfg = Debug|Any CPU
		{8F6BA391-7B68-4299-AE19-26A5606706E1}.Debug|Any CPU.Build.0 = Debug|Any CPU
		{8F6BA391-7B68-4299-AE19-26A5606706E1}.Release|Any CPU.ActiveCfg = Release|Any CPU
		{8F6BA391-7B68-4299-AE19-26A5606706E1}.Release|Any CPU.Build.0 = Release|Any CPU
		{950A2FCA-DAF9-4873-A606-0BDF4FC9A89E}.Debug|Any CPU.ActiveCfg = Debug|Any CPU
		{950A2FCA-DAF9-4873-A606-0BDF4FC9A89E}.Debug|Any CPU.Build.0 = Debug|Any CPU
		{950A2FCA-DAF9-4873-A606-0BDF4FC9A89E}.Release|Any CPU.ActiveCfg = Release|Any CPU
		{950A2FCA-DAF9-4873-A606-0BDF4FC9A89E}.Release|Any CPU.Build.0 = Release|Any CPU
		{1882F425-0D54-498A-8CA4-E2E7E4AD2738}.Debug|Any CPU.ActiveCfg = Debug|Any CPU
		{1882F425-0D54-498A-8CA4-E2E7E4AD2738}.Debug|Any CPU.Build.0 = Debug|Any CPU
		{1882F425-0D54-498A-8CA4-E2E7E4AD2738}.Release|Any CPU.ActiveCfg = Release|Any CPU
		{1882F425-0D54-498A-8CA4-E2E7E4AD2738}.Release|Any CPU.Build.0 = Release|Any CPU
		{0420BF1D-3999-4BDD-BAAD-48F31EA1D8AD}.Debug|Any CPU.ActiveCfg = Debug|Any CPU
		{0420BF1D-3999-4BDD-BAAD-48F31EA1D8AD}.Debug|Any CPU.Build.0 = Debug|Any CPU
		{0420BF1D-3999-4BDD-BAAD-48F31EA1D8AD}.Release|Any CPU.ActiveCfg = Release|Any CPU
		{0420BF1D-3999-4BDD-BAAD-48F31EA1D8AD}.Release|Any CPU.Build.0 = Release|Any CPU
		{C5D53D96-ADFD-45EE-AE47-05C4DB9BC845}.Debug|Any CPU.ActiveCfg = Debug|Any CPU
		{C5D53D96-ADFD-45EE-AE47-05C4DB9BC845}.Debug|Any CPU.Build.0 = Debug|Any CPU
		{C5D53D96-ADFD-45EE-AE47-05C4DB9BC845}.Release|Any CPU.ActiveCfg = Release|Any CPU
		{C5D53D96-ADFD-45EE-AE47-05C4DB9BC845}.Release|Any CPU.Build.0 = Release|Any CPU
		{402D5E86-B0E3-46E3-A462-CB3BD5CAC4FD}.Debug|Any CPU.ActiveCfg = Debug|Any CPU
		{402D5E86-B0E3-46E3-A462-CB3BD5CAC4FD}.Debug|Any CPU.Build.0 = Debug|Any CPU
		{402D5E86-B0E3-46E3-A462-CB3BD5CAC4FD}.Release|Any CPU.ActiveCfg = Release|Any CPU
		{402D5E86-B0E3-46E3-A462-CB3BD5CAC4FD}.Release|Any CPU.Build.0 = Release|Any CPU
		{E5EF2E73-0ACD-4395-8773-343330090C07}.Debug|Any CPU.ActiveCfg = Debug|Any CPU
		{E5EF2E73-0ACD-4395-8773-343330090C07}.Debug|Any CPU.Build.0 = Debug|Any CPU
		{E5EF2E73-0ACD-4395-8773-343330090C07}.Release|Any CPU.ActiveCfg = Release|Any CPU
		{E5EF2E73-0ACD-4395-8773-343330090C07}.Release|Any CPU.Build.0 = Release|Any CPU
		{EEEFC26B-DF71-47C7-969F-1C19A27408F8}.Debug|Any CPU.ActiveCfg = Debug|Any CPU
		{EEEFC26B-DF71-47C7-969F-1C19A27408F8}.Debug|Any CPU.Build.0 = Debug|Any CPU
		{EEEFC26B-DF71-47C7-969F-1C19A27408F8}.Release|Any CPU.ActiveCfg = Release|Any CPU
		{EEEFC26B-DF71-47C7-969F-1C19A27408F8}.Release|Any CPU.Build.0 = Release|Any CPU
		{40C06FB4-207D-4AA0-9B39-5C4FF570A3A8}.Debug|Any CPU.ActiveCfg = Debug|Any CPU
		{40C06FB4-207D-4AA0-9B39-5C4FF570A3A8}.Debug|Any CPU.Build.0 = Debug|Any CPU
		{40C06FB4-207D-4AA0-9B39-5C4FF570A3A8}.Release|Any CPU.ActiveCfg = Release|Any CPU
		{40C06FB4-207D-4AA0-9B39-5C4FF570A3A8}.Release|Any CPU.Build.0 = Release|Any CPU
		{5D7B9A13-79AC-46C7-AC04-D8A6541B255E}.Debug|Any CPU.ActiveCfg = Debug|Any CPU
		{5D7B9A13-79AC-46C7-AC04-D8A6541B255E}.Debug|Any CPU.Build.0 = Debug|Any CPU
		{5D7B9A13-79AC-46C7-AC04-D8A6541B255E}.Release|Any CPU.ActiveCfg = Release|Any CPU
		{5D7B9A13-79AC-46C7-AC04-D8A6541B255E}.Release|Any CPU.Build.0 = Release|Any CPU
		{794D26AF-C585-46DA-9968-372FB8681873}.Debug|Any CPU.ActiveCfg = Debug|Any CPU
		{794D26AF-C585-46DA-9968-372FB8681873}.Debug|Any CPU.Build.0 = Debug|Any CPU
		{794D26AF-C585-46DA-9968-372FB8681873}.Release|Any CPU.ActiveCfg = Release|Any CPU
		{794D26AF-C585-46DA-9968-372FB8681873}.Release|Any CPU.Build.0 = Release|Any CPU
		{719955B6-317C-4A0F-9FB7-5D87D2CFB4F2}.Debug|Any CPU.ActiveCfg = Debug|Any CPU
		{719955B6-317C-4A0F-9FB7-5D87D2CFB4F2}.Debug|Any CPU.Build.0 = Debug|Any CPU
		{719955B6-317C-4A0F-9FB7-5D87D2CFB4F2}.Release|Any CPU.ActiveCfg = Release|Any CPU
		{719955B6-317C-4A0F-9FB7-5D87D2CFB4F2}.Release|Any CPU.Build.0 = Release|Any CPU
	EndGlobalSection
	GlobalSection(SolutionProperties) = preSolution
		HideSolutionNode = FALSE
	EndGlobalSection
	GlobalSection(ExtensibilityGlobals) = postSolution
		SolutionGuid = {E82B0603-98B0-4060-98DC-9D6EA8DA4F4D}
	EndGlobalSection
EndGlobal
